// !$*UTF8*$!
{
	archiveVersion = 1;
	classes = {
	};
	objectVersion = 46;
	objects = {

/* Begin PBXBuildFile section */
		FE6408ED1D5816DD00652BAC /* objcSlider.h in Headers */ = {isa = PBXBuildFile; fileRef = FE6408EC1D5816DD00652BAC /* objcSlider.h */; settings = {ATTRIBUTES = (Public, ); }; };
		FE6408F41D5816DD00652BAC /* objcSlider.framework in Frameworks */ = {isa = PBXBuildFile; fileRef = FE6408E91D5816DD00652BAC /* objcSlider.framework */; };
		FE6408F91D5816DD00652BAC /* objcSliderTests.m in Sources */ = {isa = PBXBuildFile; fileRef = FE6408F81D5816DD00652BAC /* objcSliderTests.m */; };
		FE6409061D5816FD00652BAC /* Cartfile in Resources */ = {isa = PBXBuildFile; fileRef = FE6409031D5816FD00652BAC /* Cartfile */; };
		FE6409071D5816FD00652BAC /* objcSlider.podspec in Resources */ = {isa = PBXBuildFile; fileRef = FE6409041D5816FD00652BAC /* objcSlider.podspec */; };
		FE64090B1D58172F00652BAC /* UISlider+VDTrackHeight.h in Headers */ = {isa = PBXBuildFile; fileRef = FE6409091D58172F00652BAC /* UISlider+VDTrackHeight.h */; settings = {ATTRIBUTES = (Public, ); }; };
		FE64090C1D58172F00652BAC /* UISlider+VDTrackHeight.m in Sources */ = {isa = PBXBuildFile; fileRef = FE64090A1D58172F00652BAC /* UISlider+VDTrackHeight.m */; };
		FE64090F1D58177400652BAC /* UISlider+VDValue.h in Headers */ = {isa = PBXBuildFile; fileRef = FE64090D1D58177400652BAC /* UISlider+VDValue.h */; settings = {ATTRIBUTES = (Public, ); }; };
		FE6409101D58177400652BAC /* UISlider+VDValue.m in Sources */ = {isa = PBXBuildFile; fileRef = FE64090E1D58177400652BAC /* UISlider+VDValue.m */; };
/* End PBXBuildFile section */

/* Begin PBXContainerItemProxy section */
		FE6408F51D5816DD00652BAC /* PBXContainerItemProxy */ = {
			isa = PBXContainerItemProxy;
			containerPortal = FE6408E01D5816DD00652BAC /* Project object */;
			proxyType = 1;
			remoteGlobalIDString = FE6408E81D5816DD00652BAC;
			remoteInfo = objcSlider;
		};
/* End PBXContainerItemProxy section */

/* Begin PBXFileReference section */
		FE6408E91D5816DD00652BAC /* objcSlider.framework */ = {isa = PBXFileReference; explicitFileType = wrapper.framework; includeInIndex = 0; path = objcSlider.framework; sourceTree = BUILT_PRODUCTS_DIR; };
		FE6408EC1D5816DD00652BAC /* objcSlider.h */ = {isa = PBXFileReference; lastKnownFileType = sourcecode.c.h; path = objcSlider.h; sourceTree = "<group>"; };
		FE6408EE1D5816DD00652BAC /* Info.plist */ = {isa = PBXFileReference; lastKnownFileType = text.plist.xml; path = Info.plist; sourceTree = "<group>"; };
		FE6408F31D5816DD00652BAC /* objcSliderTests.xctest */ = {isa = PBXFileReference; explicitFileType = wrapper.cfbundle; includeInIndex = 0; path = objcSliderTests.xctest; sourceTree = BUILT_PRODUCTS_DIR; };
		FE6408F81D5816DD00652BAC /* objcSliderTests.m */ = {isa = PBXFileReference; lastKnownFileType = sourcecode.c.objc; path = objcSliderTests.m; sourceTree = "<group>"; };
		FE6408FA1D5816DD00652BAC /* Info.plist */ = {isa = PBXFileReference; lastKnownFileType = text.plist.xml; path = Info.plist; sourceTree = "<group>"; };
		FE6409031D5816FD00652BAC /* Cartfile */ = {isa = PBXFileReference; fileEncoding = 4; lastKnownFileType = text; path = Cartfile; sourceTree = "<group>"; };
		FE6409041D5816FD00652BAC /* objcSlider.podspec */ = {isa = PBXFileReference; fileEncoding = 4; lastKnownFileType = text; path = objcSlider.podspec; sourceTree = "<group>"; };
		FE6409051D5816FD00652BAC /* README.md */ = {isa = PBXFileReference; fileEncoding = 4; lastKnownFileType = net.daringfireball.markdown; path = README.md; sourceTree = "<group>"; };
		FE6409091D58172F00652BAC /* UISlider+VDTrackHeight.h */ = {isa = PBXFileReference; fileEncoding = 4; lastKnownFileType = sourcecode.c.h; path = "UISlider+VDTrackHeight.h"; sourceTree = "<group>"; };
		FE64090A1D58172F00652BAC /* UISlider+VDTrackHeight.m */ = {isa = PBXFileReference; fileEncoding = 4; lastKnownFileType = sourcecode.c.objc; path = "UISlider+VDTrackHeight.m"; sourceTree = "<group>"; };
		FE64090D1D58177400652BAC /* UISlider+VDValue.h */ = {isa = PBXFileReference; fileEncoding = 4; lastKnownFileType = sourcecode.c.h; path = "UISlider+VDValue.h"; sourceTree = "<group>"; };
		FE64090E1D58177400652BAC /* UISlider+VDValue.m */ = {isa = PBXFileReference; fileEncoding = 4; lastKnownFileType = sourcecode.c.objc; path = "UISlider+VDValue.m"; sourceTree = "<group>"; };
/* End PBXFileReference section */

/* Begin PBXFrameworksBuildPhase section */
		FE6408E51D5816DD00652BAC /* Frameworks */ = {
			isa = PBXFrameworksBuildPhase;
			buildActionMask = 2147483647;
			files = (
			);
			runOnlyForDeploymentPostprocessing = 0;
		};
		FE6408F01D5816DD00652BAC /* Frameworks */ = {
			isa = PBXFrameworksBuildPhase;
			buildActionMask = 2147483647;
			files = (
				FE6408F41D5816DD00652BAC /* objcSlider.framework in Frameworks */,
			);
			runOnlyForDeploymentPostprocessing = 0;
		};
/* End PBXFrameworksBuildPhase section */

/* Begin PBXGroup section */
		FE6408DF1D5816DD00652BAC = {
			isa = PBXGroup;
			children = (
				FE6408EB1D5816DD00652BAC /* objcSlider */,
				FE6408F71D5816DD00652BAC /* objcSliderTests */,
				FE6408EA1D5816DD00652BAC /* Products */,
				FE6409031D5816FD00652BAC /* Cartfile */,
				FE6409041D5816FD00652BAC /* objcSlider.podspec */,
				FE6409051D5816FD00652BAC /* README.md */,
			);
			sourceTree = "<group>";
		};
		FE6408EA1D5816DD00652BAC /* Products */ = {
			isa = PBXGroup;
			children = (
				FE6408E91D5816DD00652BAC /* objcSlider.framework */,
				FE6408F31D5816DD00652BAC /* objcSliderTests.xctest */,
			);
			name = Products;
			sourceTree = "<group>";
		};
		FE6408EB1D5816DD00652BAC /* objcSlider */ = {
			isa = PBXGroup;
			children = (
				FE6408EC1D5816DD00652BAC /* objcSlider.h */,
				FE6408EE1D5816DD00652BAC /* Info.plist */,
				FE6409091D58172F00652BAC /* UISlider+VDTrackHeight.h */,
				FE64090A1D58172F00652BAC /* UISlider+VDTrackHeight.m */,
				FE64090D1D58177400652BAC /* UISlider+VDValue.h */,
				FE64090E1D58177400652BAC /* UISlider+VDValue.m */,
			);
			path = objcSlider;
			sourceTree = "<group>";
		};
		FE6408F71D5816DD00652BAC /* objcSliderTests */ = {
			isa = PBXGroup;
			children = (
				FE6408F81D5816DD00652BAC /* objcSliderTests.m */,
				FE6408FA1D5816DD00652BAC /* Info.plist */,
			);
			path = objcSliderTests;
			sourceTree = "<group>";
		};
/* End PBXGroup section */

/* Begin PBXHeadersBuildPhase section */
		FE6408E61D5816DD00652BAC /* Headers */ = {
			isa = PBXHeadersBuildPhase;
			buildActionMask = 2147483647;
			files = (
				FE64090F1D58177400652BAC /* UISlider+VDValue.h in Headers */,
				FE64090B1D58172F00652BAC /* UISlider+VDTrackHeight.h in Headers */,
				FE6408ED1D5816DD00652BAC /* objcSlider.h in Headers */,
			);
			runOnlyForDeploymentPostprocessing = 0;
		};
/* End PBXHeadersBuildPhase section */

/* Begin PBXNativeTarget section */
		FE6408E81D5816DD00652BAC /* objcSlider */ = {
			isa = PBXNativeTarget;
			buildConfigurationList = FE6408FD1D5816DD00652BAC /* Build configuration list for PBXNativeTarget "objcSlider" */;
			buildPhases = (
				FE6408E41D5816DD00652BAC /* Sources */,
				FE6408E51D5816DD00652BAC /* Frameworks */,
				FE6408E61D5816DD00652BAC /* Headers */,
				FE6408E71D5816DD00652BAC /* Resources */,
			);
			buildRules = (
			);
			dependencies = (
			);
			name = objcSlider;
			productName = objcSlider;
			productReference = FE6408E91D5816DD00652BAC /* objcSlider.framework */;
			productType = "com.apple.product-type.framework";
		};
		FE6408F21D5816DD00652BAC /* objcSliderTests */ = {
			isa = PBXNativeTarget;
			buildConfigurationList = FE6409001D5816DD00652BAC /* Build configuration list for PBXNativeTarget "objcSliderTests" */;
			buildPhases = (
				FE6408EF1D5816DD00652BAC /* Sources */,
				FE6408F01D5816DD00652BAC /* Frameworks */,
				FE6408F11D5816DD00652BAC /* Resources */,
			);
			buildRules = (
			);
			dependencies = (
				FE6408F61D5816DD00652BAC /* PBXTargetDependency */,
			);
			name = objcSliderTests;
			productName = objcSliderTests;
			productReference = FE6408F31D5816DD00652BAC /* objcSliderTests.xctest */;
			productType = "com.apple.product-type.bundle.unit-test";
		};
/* End PBXNativeTarget section */

/* Begin PBXProject section */
		FE6408E01D5816DD00652BAC /* Project object */ = {
			isa = PBXProject;
			attributes = {
				LastUpgradeCheck = 0730;
				ORGANIZATIONNAME = vilyever;
				TargetAttributes = {
					FE6408E81D5816DD00652BAC = {
						CreatedOnToolsVersion = 7.3.1;
						DevelopmentTeam = 2594YAARKH;
					};
					FE6408F21D5816DD00652BAC = {
						CreatedOnToolsVersion = 7.3.1;
						DevelopmentTeam = 2594YAARKH;
					};
				};
			};
			buildConfigurationList = FE6408E31D5816DD00652BAC /* Build configuration list for PBXProject "objcSlider" */;
			compatibilityVersion = "Xcode 3.2";
			developmentRegion = English;
			hasScannedForEncodings = 0;
			knownRegions = (
				en,
			);
			mainGroup = FE6408DF1D5816DD00652BAC;
			productRefGroup = FE6408EA1D5816DD00652BAC /* Products */;
			projectDirPath = "";
			projectRoot = "";
			targets = (
				FE6408E81D5816DD00652BAC /* objcSlider */,
				FE6408F21D5816DD00652BAC /* objcSliderTests */,
			);
		};
/* End PBXProject section */

/* Begin PBXResourcesBuildPhase section */
		FE6408E71D5816DD00652BAC /* Resources */ = {
			isa = PBXResourcesBuildPhase;
			buildActionMask = 2147483647;
			files = (
				FE6409071D5816FD00652BAC /* objcSlider.podspec in Resources */,
				FE6409061D5816FD00652BAC /* Cartfile in Resources */,
			);
			runOnlyForDeploymentPostprocessing = 0;
		};
		FE6408F11D5816DD00652BAC /* Resources */ = {
			isa = PBXResourcesBuildPhase;
			buildActionMask = 2147483647;
			files = (
			);
			runOnlyForDeploymentPostprocessing = 0;
		};
/* End PBXResourcesBuildPhase section */

/* Begin PBXSourcesBuildPhase section */
		FE6408E41D5816DD00652BAC /* Sources */ = {
			isa = PBXSourcesBuildPhase;
			buildActionMask = 2147483647;
			files = (
				FE6409101D58177400652BAC /* UISlider+VDValue.m in Sources */,
				FE64090C1D58172F00652BAC /* UISlider+VDTrackHeight.m in Sources */,
			);
			runOnlyForDeploymentPostprocessing = 0;
		};
		FE6408EF1D5816DD00652BAC /* Sources */ = {
			isa = PBXSourcesBuildPhase;
			buildActionMask = 2147483647;
			files = (
				FE6408F91D5816DD00652BAC /* objcSliderTests.m in Sources */,
			);
			runOnlyForDeploymentPostprocessing = 0;
		};
/* End PBXSourcesBuildPhase section */

/* Begin PBXTargetDependency section */
		FE6408F61D5816DD00652BAC /* PBXTargetDependency */ = {
			isa = PBXTargetDependency;
			target = FE6408E81D5816DD00652BAC /* objcSlider */;
			targetProxy = FE6408F51D5816DD00652BAC /* PBXContainerItemProxy */;
		};
/* End PBXTargetDependency section */

/* Begin XCBuildConfiguration section */
		FE6408FB1D5816DD00652BAC /* Debug */ = {
			isa = XCBuildConfiguration;
			buildSettings = {
				ALWAYS_SEARCH_USER_PATHS = NO;
				CLANG_ANALYZER_NONNULL = YES;
				CLANG_CXX_LANGUAGE_STANDARD = "gnu++0x";
				CLANG_CXX_LIBRARY = "libc++";
				CLANG_ENABLE_MODULES = YES;
				CLANG_ENABLE_OBJC_ARC = YES;
				CLANG_WARN_BOOL_CONVERSION = YES;
				CLANG_WARN_CONSTANT_CONVERSION = YES;
				CLANG_WARN_DIRECT_OBJC_ISA_USAGE = YES_ERROR;
				CLANG_WARN_EMPTY_BODY = YES;
				CLANG_WARN_ENUM_CONVERSION = YES;
				CLANG_WARN_INT_CONVERSION = YES;
				CLANG_WARN_OBJC_ROOT_CLASS = YES_ERROR;
				CLANG_WARN_UNREACHABLE_CODE = YES;
				CLANG_WARN__DUPLICATE_METHOD_MATCH = YES;
				"CODE_SIGN_IDENTITY[sdk=iphoneos*]" = "iPhone Developer";
				COPY_PHASE_STRIP = NO;
				CURRENT_PROJECT_VERSION = 1;
				DEBUG_INFORMATION_FORMAT = dwarf;
				ENABLE_STRICT_OBJC_MSGSEND = YES;
				ENABLE_TESTABILITY = YES;
				GCC_C_LANGUAGE_STANDARD = gnu99;
				GCC_DYNAMIC_NO_PIC = NO;
				GCC_NO_COMMON_BLOCKS = YES;
				GCC_OPTIMIZATION_LEVEL = 0;
				GCC_PREPROCESSOR_DEFINITIONS = (
					"DEBUG=1",
					"$(inherited)",
				);
				GCC_WARN_64_TO_32_BIT_CONVERSION = YES;
				GCC_WARN_ABOUT_RETURN_TYPE = YES_ERROR;
				GCC_WARN_UNDECLARED_SELECTOR = YES;
				GCC_WARN_UNINITIALIZED_AUTOS = YES_AGGRESSIVE;
				GCC_WARN_UNUSED_FUNCTION = YES;
				GCC_WARN_UNUSED_VARIABLE = YES;
				IPHONEOS_DEPLOYMENT_TARGET = 9.3;
				MTL_ENABLE_DEBUG_INFO = YES;
				ONLY_ACTIVE_ARCH = YES;
				SDKROOT = iphoneos;
				TARGETED_DEVICE_FAMILY = "1,2";
				VERSIONING_SYSTEM = "apple-generic";
				VERSION_INFO_PREFIX = "";
			};
			name = Debug;
		};
		FE6408FC1D5816DD00652BAC /* Release */ = {
			isa = XCBuildConfiguration;
			buildSettings = {
				ALWAYS_SEARCH_USER_PATHS = NO;
				CLANG_ANALYZER_NONNULL = YES;
				CLANG_CXX_LANGUAGE_STANDARD = "gnu++0x";
				CLANG_CXX_LIBRARY = "libc++";
				CLANG_ENABLE_MODULES = YES;
				CLANG_ENABLE_OBJC_ARC = YES;
				CLANG_WARN_BOOL_CONVERSION = YES;
				CLANG_WARN_CONSTANT_CONVERSION = YES;
				CLANG_WARN_DIRECT_OBJC_ISA_USAGE = YES_ERROR;
				CLANG_WARN_EMPTY_BODY = YES;
				CLANG_WARN_ENUM_CONVERSION = YES;
				CLANG_WARN_INT_CONVERSION = YES;
				CLANG_WARN_OBJC_ROOT_CLASS = YES_ERROR;
				CLANG_WARN_UNREACHABLE_CODE = YES;
				CLANG_WARN__DUPLICATE_METHOD_MATCH = YES;
				"CODE_SIGN_IDENTITY[sdk=iphoneos*]" = "iPhone Developer";
				COPY_PHASE_STRIP = NO;
				CURRENT_PROJECT_VERSION = 1;
				DEBUG_INFORMATION_FORMAT = "dwarf-with-dsym";
				ENABLE_NS_ASSERTIONS = NO;
				ENABLE_STRICT_OBJC_MSGSEND = YES;
				GCC_C_LANGUAGE_STANDARD = gnu99;
				GCC_NO_COMMON_BLOCKS = YES;
				GCC_WARN_64_TO_32_BIT_CONVERSION = YES;
				GCC_WARN_ABOUT_RETURN_TYPE = YES_ERROR;
				GCC_WARN_UNDECLARED_SELECTOR = YES;
				GCC_WARN_UNINITIALIZED_AUTOS = YES_AGGRESSIVE;
				GCC_WARN_UNUSED_FUNCTION = YES;
				GCC_WARN_UNUSED_VARIABLE = YES;
				IPHONEOS_DEPLOYMENT_TARGET = 9.3;
				MTL_ENABLE_DEBUG_INFO = NO;
				SDKROOT = iphoneos;
				TARGETED_DEVICE_FAMILY = "1,2";
				VALIDATE_PRODUCT = YES;
				VERSIONING_SYSTEM = "apple-generic";
				VERSION_INFO_PREFIX = "";
			};
			name = Release;
		};
		FE6408FE1D5816DD00652BAC /* Debug */ = {
			isa = XCBuildConfiguration;
			buildSettings = {
				DEFINES_MODULE = YES;
				DYLIB_COMPATIBILITY_VERSION = 1;
				DYLIB_CURRENT_VERSION = 1;
				DYLIB_INSTALL_NAME_BASE = "@rpath";
				INFOPLIST_FILE = objcSlider/Info.plist;
				INSTALL_PATH = "$(LOCAL_LIBRARY_DIR)/Frameworks";
				LD_RUNPATH_SEARCH_PATHS = "$(inherited) @executable_path/Frameworks @loader_path/Frameworks";
				PRODUCT_BUNDLE_IDENTIFIER = vilyever.objcSlider;
				PRODUCT_NAME = "$(TARGET_NAME)";
				SKIP_INSTALL = YES;
			};
			name = Debug;
		};
		FE6408FF1D5816DD00652BAC /* Release */ = {
			isa = XCBuildConfiguration;
			buildSettings = {
				DEFINES_MODULE = YES;
				DYLIB_COMPATIBILITY_VERSION = 1;
				DYLIB_CURRENT_VERSION = 1;
				DYLIB_INSTALL_NAME_BASE = "@rpath";
				INFOPLIST_FILE = objcSlider/Info.plist;
				INSTALL_PATH = "$(LOCAL_LIBRARY_DIR)/Frameworks";
				LD_RUNPATH_SEARCH_PATHS = "$(inherited) @executable_path/Frameworks @loader_path/Frameworks";
				PRODUCT_BUNDLE_IDENTIFIER = vilyever.objcSlider;
				PRODUCT_NAME = "$(TARGET_NAME)";
				SKIP_INSTALL = YES;
			};
			name = Release;
		};
		FE6409011D5816DD00652BAC /* Debug */ = {
			isa = XCBuildConfiguration;
			buildSettings = {
				INFOPLIST_FILE = objcSliderTests/Info.plist;
				LD_RUNPATH_SEARCH_PATHS = "$(inherited) @executable_path/Frameworks @loader_path/Frameworks";
				PRODUCT_BUNDLE_IDENTIFIER = vilyever.objcSliderTests;
				PRODUCT_NAME = "$(TARGET_NAME)";
			};
			name = Debug;
		};
		FE6409021D5816DD00652BAC /* Release */ = {
			isa = XCBuildConfiguration;
			buildSettings = {
				INFOPLIST_FILE = objcSliderTests/Info.plist;
				LD_RUNPATH_SEARCH_PATHS = "$(inherited) @executable_path/Frameworks @loader_path/Frameworks";
				PRODUCT_BUNDLE_IDENTIFIER = vilyever.objcSliderTests;
				PRODUCT_NAME = "$(TARGET_NAME)";
			};
			name = Release;
		};
/* End XCBuildConfiguration section */

/* Begin XCConfigurationList section */
		FE6408E31D5816DD00652BAC /* Build configuration list for PBXProject "objcSlider" */ = {
			isa = XCConfigurationList;
			buildConfigurations = (
				FE6408FB1D5816DD00652BAC /* Debug */,
				FE6408FC1D5816DD00652BAC /* Release */,
			);
			defaultConfigurationIsVisible = 0;
			defaultConfigurationName = Release;
		};
		FE6408FD1D5816DD00652BAC /* Build configuration list for PBXNativeTarget "objcSlider" */ = {
			isa = XCConfigurationList;
			buildConfigurations = (
				FE6408FE1D5816DD00652BAC /* Debug */,
				FE6408FF1D5816DD00652BAC /* Release */,
			);
			defaultConfigurationIsVisible = 0;
		};
		FE6409001D5816DD00652BAC /* Build configuration list for PBXNativeTarget "objcSliderTests" */ = {
			isa = XCConfigurationList;
			buildConfigurations = (
				FE6409011D5816DD00652BAC /* Debug */,
				FE6409021D5816DD00652BAC /* Release */,
			);
			defaultConfigurationIsVisible = 0;
		};
/* End XCConfigurationList section */
	};
	rootObject = FE6408E01D5816DD00652BAC /* Project object */;
}
